// !$*UTF8*$!
{
	archiveVersion = 1;
	classes = {
	};
	objectVersion = 77;
	objects = {

/* Begin PBXBuildFile section */
		F03C13C92E48E12800C0AC3F /* MotivationalMessageService.swift in Sources */ = {isa = PBXBuildFile; fileRef = F03C13C82E48E12800C0AC3F /* MotivationalMessageService.swift */; };
		F03C13CA2E48E12800C0AC3F /* MotivationalMessageService.swift in Sources */ = {isa = PBXBuildFile; fileRef = F03C13C82E48E12800C0AC3F /* MotivationalMessageService.swift */; };
		F03C13CB2E48E12800C0AC3F /* MotivationalMessageService.swift in Sources */ = {isa = PBXBuildFile; fileRef = F03C13C82E48E12800C0AC3F /* MotivationalMessageService.swift */; };
		F03C13CD2E48E15400C0AC3F /* ActiveWorkoutView.swift in Sources */ = {isa = PBXBuildFile; fileRef = F03C13CC2E48E15400C0AC3F /* ActiveWorkoutView.swift */; };
		F03C13CE2E48E15400C0AC3F /* ActiveWorkoutView.swift in Sources */ = {isa = PBXBuildFile; fileRef = F03C13CC2E48E15400C0AC3F /* ActiveWorkoutView.swift */; };
		F03C13CF2E48E15400C0AC3F /* ActiveWorkoutView.swift in Sources */ = {isa = PBXBuildFile; fileRef = F03C13CC2E48E15400C0AC3F /* ActiveWorkoutView.swift */; };
		F03C149E2E4ABEAE00C0AC3F /* PostWorkoutSummaryView.swift in Sources */ = {isa = PBXBuildFile; fileRef = F03C149A2E4ABEAE00C0AC3F /* PostWorkoutSummaryView.swift */; };
		F03C149F2E4ABEAE00C0AC3F /* WorkoutDetailView.swift in Sources */ = {isa = PBXBuildFile; fileRef = F03C149C2E4ABEAE00C0AC3F /* WorkoutDetailView.swift */; };
		F03C14A02E4ABEAE00C0AC3F /* ThisWeekHistoryView.swift in Sources */ = {isa = PBXBuildFile; fileRef = F03C149B2E4ABEAE00C0AC3F /* ThisWeekHistoryView.swift */; };
		F03C14A12E4ABEAE00C0AC3F /* WorkoutStatisticsView.swift in Sources */ = {isa = PBXBuildFile; fileRef = F03C149D2E4ABEAE00C0AC3F /* WorkoutStatisticsView.swift */; };
		F03C14A22E4ABEAE00C0AC3F /* GettingStartedView.swift in Sources */ = {isa = PBXBuildFile; fileRef = F03C14992E4ABEAE00C0AC3F /* GettingStartedView.swift */; };
		F03C14A32E4ABEAE00C0AC3F /* PostWorkoutSummaryView.swift in Sources */ = {isa = PBXBuildFile; fileRef = F03C149A2E4ABEAE00C0AC3F /* PostWorkoutSummaryView.swift */; };
		F03C14A42E4ABEAE00C0AC3F /* WorkoutDetailView.swift in Sources */ = {isa = PBXBuildFile; fileRef = F03C149C2E4ABEAE00C0AC3F /* WorkoutDetailView.swift */; };
		F03C14A52E4ABEAE00C0AC3F /* ThisWeekHistoryView.swift in Sources */ = {isa = PBXBuildFile; fileRef = F03C149B2E4ABEAE00C0AC3F /* ThisWeekHistoryView.swift */; };
		F03C14A62E4ABEAE00C0AC3F /* WorkoutStatisticsView.swift in Sources */ = {isa = PBXBuildFile; fileRef = F03C149D2E4ABEAE00C0AC3F /* WorkoutStatisticsView.swift */; };
		F03C14A72E4ABEAE00C0AC3F /* GettingStartedView.swift in Sources */ = {isa = PBXBuildFile; fileRef = F03C14992E4ABEAE00C0AC3F /* GettingStartedView.swift */; };
		F03C14A82E4ABEAE00C0AC3F /* PostWorkoutSummaryView.swift in Sources */ = {isa = PBXBuildFile; fileRef = F03C149A2E4ABEAE00C0AC3F /* PostWorkoutSummaryView.swift */; };
		F03C14A92E4ABEAE00C0AC3F /* WorkoutDetailView.swift in Sources */ = {isa = PBXBuildFile; fileRef = F03C149C2E4ABEAE00C0AC3F /* WorkoutDetailView.swift */; };
		F03C14AA2E4ABEAE00C0AC3F /* ThisWeekHistoryView.swift in Sources */ = {isa = PBXBuildFile; fileRef = F03C149B2E4ABEAE00C0AC3F /* ThisWeekHistoryView.swift */; };
		F03C14AB2E4ABEAE00C0AC3F /* WorkoutStatisticsView.swift in Sources */ = {isa = PBXBuildFile; fileRef = F03C149D2E4ABEAE00C0AC3F /* WorkoutStatisticsView.swift */; };
		F03C14AC2E4ABEAE00C0AC3F /* GettingStartedView.swift in Sources */ = {isa = PBXBuildFile; fileRef = F03C14992E4ABEAE00C0AC3F /* GettingStartedView.swift */; };
		F03C14B32E4ABEB900C0AC3F /* HapticFeedbackModifier.swift in Sources */ = {isa = PBXBuildFile; fileRef = F03C14AE2E4ABEB900C0AC3F /* HapticFeedbackModifier.swift */; };
		F03C14B42E4ABEB900C0AC3F /* WorkoutScience.swift in Sources */ = {isa = PBXBuildFile; fileRef = F03C14B22E4ABEB900C0AC3F /* WorkoutScience.swift */; };
		F03C14B52E4ABEB900C0AC3F /* HapticButtonStyle.swift in Sources */ = {isa = PBXBuildFile; fileRef = F03C14AD2E4ABEB900C0AC3F /* HapticButtonStyle.swift */; };
		F03C14B62E4ABEB900C0AC3F /* WorkoutCompletionService.swift in Sources */ = {isa = PBXBuildFile; fileRef = F03C14B02E4ABEB900C0AC3F /* WorkoutCompletionService.swift */; };
		F03C14B72E4ABEB900C0AC3F /* WorkoutExporter.swift in Sources */ = {isa = PBXBuildFile; fileRef = F03C14B12E4ABEB900C0AC3F /* WorkoutExporter.swift */; };
		F03C14B82E4ABEB900C0AC3F /* HealthKitManager.swift in Sources */ = {isa = PBXBuildFile; fileRef = F03C14AF2E4ABEB900C0AC3F /* HealthKitManager.swift */; };
		F03C14B92E4ABEB900C0AC3F /* HapticFeedbackModifier.swift in Sources */ = {isa = PBXBuildFile; fileRef = F03C14AE2E4ABEB900C0AC3F /* HapticFeedbackModifier.swift */; };
		F03C14BA2E4ABEB900C0AC3F /* WorkoutScience.swift in Sources */ = {isa = PBXBuildFile; fileRef = F03C14B22E4ABEB900C0AC3F /* WorkoutScience.swift */; };
		F03C14BB2E4ABEB900C0AC3F /* HapticButtonStyle.swift in Sources */ = {isa = PBXBuildFile; fileRef = F03C14AD2E4ABEB900C0AC3F /* HapticButtonStyle.swift */; };
		F03C14BC2E4ABEB900C0AC3F /* WorkoutCompletionService.swift in Sources */ = {isa = PBXBuildFile; fileRef = F03C14B02E4ABEB900C0AC3F /* WorkoutCompletionService.swift */; };
		F03C14BD2E4ABEB900C0AC3F /* WorkoutExporter.swift in Sources */ = {isa = PBXBuildFile; fileRef = F03C14B12E4ABEB900C0AC3F /* WorkoutExporter.swift */; };
		F03C14BE2E4ABEB900C0AC3F /* HealthKitManager.swift in Sources */ = {isa = PBXBuildFile; fileRef = F03C14AF2E4ABEB900C0AC3F /* HealthKitManager.swift */; };
		F03C14BF2E4ABEB900C0AC3F /* HapticFeedbackModifier.swift in Sources */ = {isa = PBXBuildFile; fileRef = F03C14AE2E4ABEB900C0AC3F /* HapticFeedbackModifier.swift */; };
		F03C14C02E4ABEB900C0AC3F /* WorkoutScience.swift in Sources */ = {isa = PBXBuildFile; fileRef = F03C14B22E4ABEB900C0AC3F /* WorkoutScience.swift */; };
		F03C14C12E4ABEB900C0AC3F /* HapticButtonStyle.swift in Sources */ = {isa = PBXBuildFile; fileRef = F03C14AD2E4ABEB900C0AC3F /* HapticButtonStyle.swift */; };
		F03C14C22E4ABEB900C0AC3F /* WorkoutCompletionService.swift in Sources */ = {isa = PBXBuildFile; fileRef = F03C14B02E4ABEB900C0AC3F /* WorkoutCompletionService.swift */; };
		F03C14C32E4ABEB900C0AC3F /* WorkoutExporter.swift in Sources */ = {isa = PBXBuildFile; fileRef = F03C14B12E4ABEB900C0AC3F /* WorkoutExporter.swift */; };
		F03C14C42E4ABEB900C0AC3F /* HealthKitManager.swift in Sources */ = {isa = PBXBuildFile; fileRef = F03C14AF2E4ABEB900C0AC3F /* HealthKitManager.swift */; };
		F05104262E465D4A00BC0247 /* WorkoutSet.swift in Sources */ = {isa = PBXBuildFile; fileRef = F05104252E465D4A00BC0247 /* WorkoutSet.swift */; };
		F05104272E465D4A00BC0247 /* UserProfile.swift in Sources */ = {isa = PBXBuildFile; fileRef = F05104222E465D4A00BC0247 /* UserProfile.swift */; };
		F05104282E465D4A00BC0247 /* WorkoutExercise.swift in Sources */ = {isa = PBXBuildFile; fileRef = F05104242E465D4A00BC0247 /* WorkoutExercise.swift */; };
		F05104292E465D4A00BC0247 /* Workout.swift in Sources */ = {isa = PBXBuildFile; fileRef = F05104232E465D4A00BC0247 /* Workout.swift */; };
		F051042A2E465D4A00BC0247 /* WorkoutSet.swift in Sources */ = {isa = PBXBuildFile; fileRef = F05104252E465D4A00BC0247 /* WorkoutSet.swift */; };
		F051042B2E465D4A00BC0247 /* UserProfile.swift in Sources */ = {isa = PBXBuildFile; fileRef = F05104222E465D4A00BC0247 /* UserProfile.swift */; };
		F051042C2E465D4A00BC0247 /* WorkoutExercise.swift in Sources */ = {isa = PBXBuildFile; fileRef = F05104242E465D4A00BC0247 /* WorkoutExercise.swift */; };
		F051042D2E465D4A00BC0247 /* Workout.swift in Sources */ = {isa = PBXBuildFile; fileRef = F05104232E465D4A00BC0247 /* Workout.swift */; };
		F051042E2E465D4A00BC0247 /* WorkoutSet.swift in Sources */ = {isa = PBXBuildFile; fileRef = F05104252E465D4A00BC0247 /* WorkoutSet.swift */; };
		F051042F2E465D4A00BC0247 /* UserProfile.swift in Sources */ = {isa = PBXBuildFile; fileRef = F05104222E465D4A00BC0247 /* UserProfile.swift */; };
		F05104302E465D4A00BC0247 /* WorkoutExercise.swift in Sources */ = {isa = PBXBuildFile; fileRef = F05104242E465D4A00BC0247 /* WorkoutExercise.swift */; };
		F05104312E465D4A00BC0247 /* Workout.swift in Sources */ = {isa = PBXBuildFile; fileRef = F05104232E465D4A00BC0247 /* Workout.swift */; };
		F05104322E465D5C00BC0247 /* Exercise.swift in Sources */ = {isa = PBXBuildFile; fileRef = F05104212E465D2D00BC0247 /* Exercise.swift */; };
		F05104332E465D5C00BC0247 /* Exercise.swift in Sources */ = {isa = PBXBuildFile; fileRef = F05104212E465D2D00BC0247 /* Exercise.swift */; };
		F05104342E465D5C00BC0247 /* Exercise.swift in Sources */ = {isa = PBXBuildFile; fileRef = F05104212E465D2D00BC0247 /* Exercise.swift */; };
		F05104382E465D6E00BC0247 /* ExerciseDatabase.swift in Sources */ = {isa = PBXBuildFile; fileRef = F05104362E465D6E00BC0247 /* ExerciseDatabase.swift */; };
		F05104392E465D6E00BC0247 /* AIWorkoutGenerator.swift in Sources */ = {isa = PBXBuildFile; fileRef = F05104352E465D6E00BC0247 /* AIWorkoutGenerator.swift */; };
		F051043A2E465D6E00BC0247 /* WorkoutManager.swift in Sources */ = {isa = PBXBuildFile; fileRef = F05104372E465D6E00BC0247 /* WorkoutManager.swift */; };
		F051043B2E465D6E00BC0247 /* ExerciseDatabase.swift in Sources */ = {isa = PBXBuildFile; fileRef = F05104362E465D6E00BC0247 /* ExerciseDatabase.swift */; };
		F051043C2E465D6E00BC0247 /* AIWorkoutGenerator.swift in Sources */ = {isa = PBXBuildFile; fileRef = F05104352E465D6E00BC0247 /* AIWorkoutGenerator.swift */; };
		F051043D2E465D6E00BC0247 /* WorkoutManager.swift in Sources */ = {isa = PBXBuildFile; fileRef = F05104372E465D6E00BC0247 /* WorkoutManager.swift */; };
		F051043E2E465D6E00BC0247 /* ExerciseDatabase.swift in Sources */ = {isa = PBXBuildFile; fileRef = F05104362E465D6E00BC0247 /* ExerciseDatabase.swift */; };
		F051043F2E465D6E00BC0247 /* AIWorkoutGenerator.swift in Sources */ = {isa = PBXBuildFile; fileRef = F05104352E465D6E00BC0247 /* AIWorkoutGenerator.swift */; };
		F05104402E465D6E00BC0247 /* WorkoutManager.swift in Sources */ = {isa = PBXBuildFile; fileRef = F05104372E465D6E00BC0247 /* WorkoutManager.swift */; };
		F051044A2E465D7B00BC0247 /* WorkoutHistoryView.swift in Sources */ = {isa = PBXBuildFile; fileRef = F05104482E465D7B00BC0247 /* WorkoutHistoryView.swift */; };
		F051044B2E465D7B00BC0247 /* WorkoutListView.swift in Sources */ = {isa = PBXBuildFile; fileRef = F05104492E465D7B00BC0247 /* WorkoutListView.swift */; };
		F051044C2E465D7B00BC0247 /* ProfileView.swift in Sources */ = {isa = PBXBuildFile; fileRef = F05104462E465D7B00BC0247 /* ProfileView.swift */; };
		F051044D2E465D7B00BC0247 /* AIWorkoutView.swift in Sources */ = {isa = PBXBuildFile; fileRef = F05104422E465D7B00BC0247 /* AIWorkoutView.swift */; };
		F051044E2E465D7B00BC0247 /* CreateWorkoutView.swift in Sources */ = {isa = PBXBuildFile; fileRef = F05104432E465D7B00BC0247 /* CreateWorkoutView.swift */; };
		F051044F2E465D7B00BC0247 /* TemplatesView.swift in Sources */ = {isa = PBXBuildFile; fileRef = F05104472E465D7B00BC0247 /* TemplatesView.swift */; };
		F05104502E465D7B00BC0247 /* ExerciseLibraryView.swift in Sources */ = {isa = PBXBuildFile; fileRef = F05104442E465D7B00BC0247 /* ExerciseLibraryView.swift */; };
		F05104512E465D7B00BC0247 /* AddExerciseToWorkoutView.swift in Sources */ = {isa = PBXBuildFile; fileRef = F05104412E465D7B00BC0247 /* AddExerciseToWorkoutView.swift */; };
		F05104522E465D7B00BC0247 /* HomeView.swift in Sources */ = {isa = PBXBuildFile; fileRef = F05104452E465D7B00BC0247 /* HomeView.swift */; };
		F05104532E465D7B00BC0247 /* WorkoutHistoryView.swift in Sources */ = {isa = PBXBuildFile; fileRef = F05104482E465D7B00BC0247 /* WorkoutHistoryView.swift */; };
		F05104542E465D7B00BC0247 /* WorkoutListView.swift in Sources */ = {isa = PBXBuildFile; fileRef = F05104492E465D7B00BC0247 /* WorkoutListView.swift */; };
		F05104552E465D7B00BC0247 /* ProfileView.swift in Sources */ = {isa = PBXBuildFile; fileRef = F05104462E465D7B00BC0247 /* ProfileView.swift */; };
		F05104562E465D7B00BC0247 /* AIWorkoutView.swift in Sources */ = {isa = PBXBuildFile; fileRef = F05104422E465D7B00BC0247 /* AIWorkoutView.swift */; };
		F05104572E465D7B00BC0247 /* CreateWorkoutView.swift in Sources */ = {isa = PBXBuildFile; fileRef = F05104432E465D7B00BC0247 /* CreateWorkoutView.swift */; };
		F05104582E465D7B00BC0247 /* TemplatesView.swift in Sources */ = {isa = PBXBuildFile; fileRef = F05104472E465D7B00BC0247 /* TemplatesView.swift */; };
		F05104592E465D7B00BC0247 /* ExerciseLibraryView.swift in Sources */ = {isa = PBXBuildFile; fileRef = F05104442E465D7B00BC0247 /* ExerciseLibraryView.swift */; };
		F051045A2E465D7B00BC0247 /* AddExerciseToWorkoutView.swift in Sources */ = {isa = PBXBuildFile; fileRef = F05104412E465D7B00BC0247 /* AddExerciseToWorkoutView.swift */; };
		F051045B2E465D7B00BC0247 /* HomeView.swift in Sources */ = {isa = PBXBuildFile; fileRef = F05104452E465D7B00BC0247 /* HomeView.swift */; };
		F051045C2E465D7B00BC0247 /* WorkoutHistoryView.swift in Sources */ = {isa = PBXBuildFile; fileRef = F05104482E465D7B00BC0247 /* WorkoutHistoryView.swift */; };
		F051045D2E465D7B00BC0247 /* WorkoutListView.swift in Sources */ = {isa = PBXBuildFile; fileRef = F05104492E465D7B00BC0247 /* WorkoutListView.swift */; };
		F051045E2E465D7B00BC0247 /* ProfileView.swift in Sources */ = {isa = PBXBuildFile; fileRef = F05104462E465D7B00BC0247 /* ProfileView.swift */; };
		F051045F2E465D7B00BC0247 /* AIWorkoutView.swift in Sources */ = {isa = PBXBuildFile; fileRef = F05104422E465D7B00BC0247 /* AIWorkoutView.swift */; };
		F05104602E465D7B00BC0247 /* CreateWorkoutView.swift in Sources */ = {isa = PBXBuildFile; fileRef = F05104432E465D7B00BC0247 /* CreateWorkoutView.swift */; };
		F05104612E465D7B00BC0247 /* TemplatesView.swift in Sources */ = {isa = PBXBuildFile; fileRef = F05104472E465D7B00BC0247 /* TemplatesView.swift */; };
		F05104622E465D7B00BC0247 /* ExerciseLibraryView.swift in Sources */ = {isa = PBXBuildFile; fileRef = F05104442E465D7B00BC0247 /* ExerciseLibraryView.swift */; };
		F05104632E465D7B00BC0247 /* AddExerciseToWorkoutView.swift in Sources */ = {isa = PBXBuildFile; fileRef = F05104412E465D7B00BC0247 /* AddExerciseToWorkoutView.swift */; };
		F05104642E465D7B00BC0247 /* HomeView.swift in Sources */ = {isa = PBXBuildFile; fileRef = F05104452E465D7B00BC0247 /* HomeView.swift */; };
		F05104662E46707300BC0247 /* ItemListView.swift in Sources */ = {isa = PBXBuildFile; fileRef = F05104652E46707300BC0247 /* ItemListView.swift */; };
		F05104672E46707300BC0247 /* ItemListView.swift in Sources */ = {isa = PBXBuildFile; fileRef = F05104652E46707300BC0247 /* ItemListView.swift */; };
		F05104682E46707300BC0247 /* ItemListView.swift in Sources */ = {isa = PBXBuildFile; fileRef = F05104652E46707300BC0247 /* ItemListView.swift */; };
		F051047D2E4683D700BC0247 /* ThemeManager.swift in Sources */ = {isa = PBXBuildFile; fileRef = F051047C2E4683D700BC0247 /* ThemeManager.swift */; };
		F051047E2E4683D700BC0247 /* ThemeManager.swift in Sources */ = {isa = PBXBuildFile; fileRef = F051047C2E4683D700BC0247 /* ThemeManager.swift */; };
		F051047F2E4683D700BC0247 /* ThemeManager.swift in Sources */ = {isa = PBXBuildFile; fileRef = F051047C2E4683D700BC0247 /* ThemeManager.swift */; };
		F05104812E4683F500BC0247 /* SettingsView.swift in Sources */ = {isa = PBXBuildFile; fileRef = F05104802E4683F500BC0247 /* SettingsView.swift */; };
		F05104822E4683F500BC0247 /* SettingsView.swift in Sources */ = {isa = PBXBuildFile; fileRef = F05104802E4683F500BC0247 /* SettingsView.swift */; };
		F05104832E4683F500BC0247 /* SettingsView.swift in Sources */ = {isa = PBXBuildFile; fileRef = F05104802E4683F500BC0247 /* SettingsView.swift */; };
		F05104852E46938400BC0247 /* UserProfileService.swift in Sources */ = {isa = PBXBuildFile; fileRef = F05104842E46938400BC0247 /* UserProfileService.swift */; };
		F05104862E46938400BC0247 /* UserProfileService.swift in Sources */ = {isa = PBXBuildFile; fileRef = F05104842E46938400BC0247 /* UserProfileService.swift */; };
		F05104872E46938400BC0247 /* UserProfileService.swift in Sources */ = {isa = PBXBuildFile; fileRef = F05104842E46938400BC0247 /* UserProfileService.swift */; };
		F05104B62E46F0B500BC0247 /* WorkoutImporter.swift in Sources */ = {isa = PBXBuildFile; fileRef = F05104B52E46F0B500BC0247 /* WorkoutImporter.swift */; };
		F05104B72E46F0B500BC0247 /* WorkoutImporter.swift in Sources */ = {isa = PBXBuildFile; fileRef = F05104B52E46F0B500BC0247 /* WorkoutImporter.swift */; };
		F05104B82E46F0B500BC0247 /* WorkoutImporter.swift in Sources */ = {isa = PBXBuildFile; fileRef = F05104B52E46F0B500BC0247 /* WorkoutImporter.swift */; };
		F05104BA2E47A32F00BC0247 /* CalendarView.swift in Sources */ = {isa = PBXBuildFile; fileRef = F05104B92E47A32F00BC0247 /* CalendarView.swift */; };
		F05104BB2E47A32F00BC0247 /* CalendarView.swift in Sources */ = {isa = PBXBuildFile; fileRef = F05104B92E47A32F00BC0247 /* CalendarView.swift */; };
		F05104BC2E47A32F00BC0247 /* CalendarView.swift in Sources */ = {isa = PBXBuildFile; fileRef = F05104B92E47A32F00BC0247 /* CalendarView.swift */; };
		F05104E12E480DAF00BC0247 /* AchievementsView.swift in Sources */ = {isa = PBXBuildFile; fileRef = F05104E02E480DAF00BC0247 /* AchievementsView.swift */; };
		F05104E22E480DAF00BC0247 /* AchievementsView.swift in Sources */ = {isa = PBXBuildFile; fileRef = F05104E02E480DAF00BC0247 /* AchievementsView.swift */; };
		F05104E32E480DAF00BC0247 /* AchievementsView.swift in Sources */ = {isa = PBXBuildFile; fileRef = F05104E02E480DAF00BC0247 /* AchievementsView.swift */; };
		F05104E52E480DB600BC0247 /* AchievementService.swift in Sources */ = {isa = PBXBuildFile; fileRef = F05104E42E480DB600BC0247 /* AchievementService.swift */; };
		F05104E62E480DB600BC0247 /* AchievementService.swift in Sources */ = {isa = PBXBuildFile; fileRef = F05104E42E480DB600BC0247 /* AchievementService.swift */; };
		F05104E72E480DB600BC0247 /* AchievementService.swift in Sources */ = {isa = PBXBuildFile; fileRef = F05104E42E480DB600BC0247 /* AchievementService.swift */; };
		F05104E92E480DBC00BC0247 /* Achievement.swift in Sources */ = {isa = PBXBuildFile; fileRef = F05104E82E480DBC00BC0247 /* Achievement.swift */; };
		F05104EA2E480DBC00BC0247 /* Achievement.swift in Sources */ = {isa = PBXBuildFile; fileRef = F05104E82E480DBC00BC0247 /* Achievement.swift */; };
		F05104EB2E480DBC00BC0247 /* Achievement.swift in Sources */ = {isa = PBXBuildFile; fileRef = F05104E82E480DBC00BC0247 /* Achievement.swift */; };
		F05104ED2E480DC200BC0247 /* PersonalRecord.swift in Sources */ = {isa = PBXBuildFile; fileRef = F05104EC2E480DC200BC0247 /* PersonalRecord.swift */; };
		F05104EE2E480DC200BC0247 /* PersonalRecord.swift in Sources */ = {isa = PBXBuildFile; fileRef = F05104EC2E480DC200BC0247 /* PersonalRecord.swift */; };
		F05104EF2E480DC200BC0247 /* PersonalRecord.swift in Sources */ = {isa = PBXBuildFile; fileRef = F05104EC2E480DC200BC0247 /* PersonalRecord.swift */; };
		F05104F12E484D4100BC0247 /* ChartsView.swift in Sources */ = {isa = PBXBuildFile; fileRef = F05104F02E484D4100BC0247 /* ChartsView.swift */; };
		F05104F22E484D4100BC0247 /* ChartsView.swift in Sources */ = {isa = PBXBuildFile; fileRef = F05104F02E484D4100BC0247 /* ChartsView.swift */; };
		F05104F32E484D4100BC0247 /* ChartsView.swift in Sources */ = {isa = PBXBuildFile; fileRef = F05104F02E484D4100BC0247 /* ChartsView.swift */; };
		F05104F52E484D4D00BC0247 /* ChartManager.swift in Sources */ = {isa = PBXBuildFile; fileRef = F05104F42E484D4D00BC0247 /* ChartManager.swift */; };
		F05104F62E484D4D00BC0247 /* ChartManager.swift in Sources */ = {isa = PBXBuildFile; fileRef = F05104F42E484D4D00BC0247 /* ChartManager.swift */; };
		F05104F72E484D4D00BC0247 /* ChartManager.swift in Sources */ = {isa = PBXBuildFile; fileRef = F05104F42E484D4D00BC0247 /* ChartManager.swift */; };
		F05104F92E4851A200BC0247 /* DetailedChartView.swift in Sources */ = {isa = PBXBuildFile; fileRef = F05104F82E4851A200BC0247 /* DetailedChartView.swift */; };
		F05104FA2E4851A200BC0247 /* DetailedChartView.swift in Sources */ = {isa = PBXBuildFile; fileRef = F05104F82E4851A200BC0247 /* DetailedChartView.swift */; };
		F05104FB2E4851A200BC0247 /* DetailedChartView.swift in Sources */ = {isa = PBXBuildFile; fileRef = F05104F82E4851A200BC0247 /* DetailedChartView.swift */; };
		F0AADDFF8877665544332211 /* HealthKitManager.swift in Resources */ = {isa = PBXBuildFile; fileRef = F0AADDFF1122334455667788 /* HealthKitManager.swift */; };
		F0AADDFFDEADBEEF12345678 /* HealthKit.framework in Frameworks */ = {isa = PBXBuildFile; fileRef = F0AADDFFDEADBEEF12345677 /* HealthKit.framework */; };
/* End PBXBuildFile section */

/* Begin PBXContainerItemProxy section */
		F05104022E465CEE00BC0247 /* PBXContainerItemProxy */ = {
			isa = PBXContainerItemProxy;
			containerPortal = F05103E72E465CED00BC0247 /* Project object */;
			proxyType = 1;
			remoteGlobalIDString = F05103EE2E465CED00BC0247;
			remoteInfo = "Strong-er";
		};
		F051040C2E465CEE00BC0247 /* PBXContainerItemProxy */ = {
			isa = PBXContainerItemProxy;
			containerPortal = F05103E72E465CED00BC0247 /* Project object */;
			proxyType = 1;
			remoteGlobalIDString = F05103EE2E465CED00BC0247;
			remoteInfo = "Strong-er";
		};
/* End PBXContainerItemProxy section */

/* Begin PBXFileReference section */
		F03C13C82E48E12800C0AC3F /* MotivationalMessageService.swift */ = {isa = PBXFileReference; lastKnownFileType = sourcecode.swift; path = MotivationalMessageService.swift; sourceTree = "<group>"; };
		F03C13CC2E48E15400C0AC3F /* ActiveWorkoutView.swift */ = {isa = PBXFileReference; lastKnownFileType = sourcecode.swift; path = ActiveWorkoutView.swift; sourceTree = "<group>"; };
		F03C14992E4ABEAE00C0AC3F /* GettingStartedView.swift */ = {isa = PBXFileReference; lastKnownFileType = sourcecode.swift; path = GettingStartedView.swift; sourceTree = "<group>"; };
		F03C149A2E4ABEAE00C0AC3F /* PostWorkoutSummaryView.swift */ = {isa = PBXFileReference; lastKnownFileType = sourcecode.swift; path = PostWorkoutSummaryView.swift; sourceTree = "<group>"; };
		F03C149B2E4ABEAE00C0AC3F /* ThisWeekHistoryView.swift */ = {isa = PBXFileReference; lastKnownFileType = sourcecode.swift; path = ThisWeekHistoryView.swift; sourceTree = "<group>"; };
		F03C149C2E4ABEAE00C0AC3F /* WorkoutDetailView.swift */ = {isa = PBXFileReference; lastKnownFileType = sourcecode.swift; path = WorkoutDetailView.swift; sourceTree = "<group>"; };
		F03C149D2E4ABEAE00C0AC3F /* WorkoutStatisticsView.swift */ = {isa = PBXFileReference; lastKnownFileType = sourcecode.swift; path = WorkoutStatisticsView.swift; sourceTree = "<group>"; };
		F03C14AD2E4ABEB900C0AC3F /* HapticButtonStyle.swift */ = {isa = PBXFileReference; lastKnownFileType = sourcecode.swift; path = HapticButtonStyle.swift; sourceTree = "<group>"; };
		F03C14AE2E4ABEB900C0AC3F /* HapticFeedbackModifier.swift */ = {isa = PBXFileReference; lastKnownFileType = sourcecode.swift; path = HapticFeedbackModifier.swift; sourceTree = "<group>"; };
		F03C14AF2E4ABEB900C0AC3F /* HealthKitManager.swift */ = {isa = PBXFileReference; lastKnownFileType = sourcecode.swift; path = HealthKitManager.swift; sourceTree = "<group>"; };
		F03C14B02E4ABEB900C0AC3F /* WorkoutCompletionService.swift */ = {isa = PBXFileReference; lastKnownFileType = sourcecode.swift; path = WorkoutCompletionService.swift; sourceTree = "<group>"; };
		F03C14B12E4ABEB900C0AC3F /* WorkoutExporter.swift */ = {isa = PBXFileReference; lastKnownFileType = sourcecode.swift; path = WorkoutExporter.swift; sourceTree = "<group>"; };
		F03C14B22E4ABEB900C0AC3F /* WorkoutScience.swift */ = {isa = PBXFileReference; lastKnownFileType = sourcecode.swift; path = WorkoutScience.swift; sourceTree = "<group>"; };
		F05103EF2E465CED00BC0247 /* Strong-er.app */ = {isa = PBXFileReference; explicitFileType = wrapper.application; includeInIndex = 0; path = "Strong-er.app"; sourceTree = BUILT_PRODUCTS_DIR; };
		F05104012E465CEE00BC0247 /* Strong-erTests.xctest */ = {isa = PBXFileReference; explicitFileType = wrapper.cfbundle; includeInIndex = 0; path = "Strong-erTests.xctest"; sourceTree = BUILT_PRODUCTS_DIR; };
		F051040B2E465CEE00BC0247 /* Strong-erUITests.xctest */ = {isa = PBXFileReference; explicitFileType = wrapper.cfbundle; includeInIndex = 0; path = "Strong-erUITests.xctest"; sourceTree = BUILT_PRODUCTS_DIR; };
		F05104212E465D2D00BC0247 /* Exercise.swift */ = {isa = PBXFileReference; lastKnownFileType = sourcecode.swift; path = Exercise.swift; sourceTree = "<group>"; };
		F05104222E465D4A00BC0247 /* UserProfile.swift */ = {isa = PBXFileReference; lastKnownFileType = sourcecode.swift; path = UserProfile.swift; sourceTree = "<group>"; };
		F05104232E465D4A00BC0247 /* Workout.swift */ = {isa = PBXFileReference; lastKnownFileType = sourcecode.swift; path = Workout.swift; sourceTree = "<group>"; };
		F05104242E465D4A00BC0247 /* WorkoutExercise.swift */ = {isa = PBXFileReference; lastKnownFileType = sourcecode.swift; path = WorkoutExercise.swift; sourceTree = "<group>"; };
		F05104252E465D4A00BC0247 /* WorkoutSet.swift */ = {isa = PBXFileReference; lastKnownFileType = sourcecode.swift; path = WorkoutSet.swift; sourceTree = "<group>"; };
		F05104352E465D6E00BC0247 /* AIWorkoutGenerator.swift */ = {isa = PBXFileReference; lastKnownFileType = sourcecode.swift; path = AIWorkoutGenerator.swift; sourceTree = "<group>"; };
		F05104362E465D6E00BC0247 /* ExerciseDatabase.swift */ = {isa = PBXFileReference; lastKnownFileType = sourcecode.swift; path = ExerciseDatabase.swift; sourceTree = "<group>"; };
		F05104372E465D6E00BC0247 /* WorkoutManager.swift */ = {isa = PBXFileReference; lastKnownFileType = sourcecode.swift; path = WorkoutManager.swift; sourceTree = "<group>"; };
		F05104412E465D7B00BC0247 /* AddExerciseToWorkoutView.swift */ = {isa = PBXFileReference; lastKnownFileType = sourcecode.swift; path = AddExerciseToWorkoutView.swift; sourceTree = "<group>"; };
		F05104422E465D7B00BC0247 /* AIWorkoutView.swift */ = {isa = PBXFileReference; lastKnownFileType = sourcecode.swift; path = AIWorkoutView.swift; sourceTree = "<group>"; };
		F05104432E465D7B00BC0247 /* CreateWorkoutView.swift */ = {isa = PBXFileReference; lastKnownFileType = sourcecode.swift; path = CreateWorkoutView.swift; sourceTree = "<group>"; };
		F05104442E465D7B00BC0247 /* ExerciseLibraryView.swift */ = {isa = PBXFileReference; lastKnownFileType = sourcecode.swift; path = ExerciseLibraryView.swift; sourceTree = "<group>"; };
		F05104452E465D7B00BC0247 /* HomeView.swift */ = {isa = PBXFileReference; lastKnownFileType = sourcecode.swift; path = HomeView.swift; sourceTree = "<group>"; };
		F05104462E465D7B00BC0247 /* ProfileView.swift */ = {isa = PBXFileReference; lastKnownFileType = sourcecode.swift; path = ProfileView.swift; sourceTree = "<group>"; };
		F05104472E465D7B00BC0247 /* TemplatesView.swift */ = {isa = PBXFileReference; lastKnownFileType = sourcecode.swift; path = TemplatesView.swift; sourceTree = "<group>"; };
		F05104482E465D7B00BC0247 /* WorkoutHistoryView.swift */ = {isa = PBXFileReference; lastKnownFileType = sourcecode.swift; path = WorkoutHistoryView.swift; sourceTree = "<group>"; };
		F05104492E465D7B00BC0247 /* WorkoutListView.swift */ = {isa = PBXFileReference; lastKnownFileType = sourcecode.swift; path = WorkoutListView.swift; sourceTree = "<group>"; };
		F05104652E46707300BC0247 /* ItemListView.swift */ = {isa = PBXFileReference; lastKnownFileType = sourcecode.swift; path = ItemListView.swift; sourceTree = "<group>"; };
		F051047C2E4683D700BC0247 /* ThemeManager.swift */ = {isa = PBXFileReference; lastKnownFileType = sourcecode.swift; path = ThemeManager.swift; sourceTree = "<group>"; };
		F05104802E4683F500BC0247 /* SettingsView.swift */ = {isa = PBXFileReference; lastKnownFileType = sourcecode.swift; path = SettingsView.swift; sourceTree = "<group>"; };
		F05104842E46938400BC0247 /* UserProfileService.swift */ = {isa = PBXFileReference; lastKnownFileType = sourcecode.swift; path = UserProfileService.swift; sourceTree = "<group>"; };
		F05104B52E46F0B500BC0247 /* WorkoutImporter.swift */ = {isa = PBXFileReference; lastKnownFileType = sourcecode.swift; path = WorkoutImporter.swift; sourceTree = "<group>"; };
		F05104B92E47A32F00BC0247 /* CalendarView.swift */ = {isa = PBXFileReference; lastKnownFileType = sourcecode.swift; path = CalendarView.swift; sourceTree = "<group>"; };
		F05104E02E480DAF00BC0247 /* AchievementsView.swift */ = {isa = PBXFileReference; lastKnownFileType = sourcecode.swift; path = AchievementsView.swift; sourceTree = "<group>"; };
		F05104E42E480DB600BC0247 /* AchievementService.swift */ = {isa = PBXFileReference; lastKnownFileType = sourcecode.swift; path = AchievementService.swift; sourceTree = "<group>"; };
		F05104E82E480DBC00BC0247 /* Achievement.swift */ = {isa = PBXFileReference; lastKnownFileType = sourcecode.swift; path = Achievement.swift; sourceTree = "<group>"; };
		F05104EC2E480DC200BC0247 /* PersonalRecord.swift */ = {isa = PBXFileReference; lastKnownFileType = sourcecode.swift; path = PersonalRecord.swift; sourceTree = "<group>"; };
		F05104F02E484D4100BC0247 /* ChartsView.swift */ = {isa = PBXFileReference; lastKnownFileType = sourcecode.swift; path = ChartsView.swift; sourceTree = "<group>"; };
		F05104F42E484D4D00BC0247 /* ChartManager.swift */ = {isa = PBXFileReference; lastKnownFileType = sourcecode.swift; path = ChartManager.swift; sourceTree = "<group>"; };
		F05104F82E4851A200BC0247 /* DetailedChartView.swift */ = {isa = PBXFileReference; lastKnownFileType = sourcecode.swift; path = DetailedChartView.swift; sourceTree = "<group>"; };
		F0AADDFF1122334455667788 /* HealthKitManager.swift */ = {isa = PBXFileReference; lastKnownFileType = sourcecode.swift; path = HealthKitManager.swift; sourceTree = "<group>"; };
		F0AADDFFDEADBEEF12345677 /* HealthKit.framework */ = {isa = PBXFileReference; lastKnownFileType = wrapper.framework; name = HealthKit.framework; path = System/Library/Frameworks/HealthKit.framework; sourceTree = SDKROOT; };
/* End PBXFileReference section */

/* Begin PBXFileSystemSynchronizedRootGroup section */
		F05103F12E465CED00BC0247 /* Strong-er */ = {
			isa = PBXFileSystemSynchronizedRootGroup;
			path = "Strong-er";
			sourceTree = "<group>";
		};
		F05104042E465CEE00BC0247 /* Strong-erTests */ = {
			isa = PBXFileSystemSynchronizedRootGroup;
			path = "Strong-erTests";
			sourceTree = "<group>";
		};
		F051040E2E465CEE00BC0247 /* Strong-erUITests */ = {
			isa = PBXFileSystemSynchronizedRootGroup;
			path = "Strong-erUITests";
			sourceTree = "<group>";
		};
/* End PBXFileSystemSynchronizedRootGroup section */

/* Begin PBXFrameworksBuildPhase section */
		F05103EC2E465CED00BC0247 /* Frameworks */ = {
			isa = PBXFrameworksBuildPhase;
			buildActionMask = 2147483647;
			files = (
				F0AADDFFDEADBEEF12345678 /* HealthKit.framework in Frameworks */,
			);
			runOnlyForDeploymentPostprocessing = 0;
		};
		F05103FE2E465CEE00BC0247 /* Frameworks */ = {
			isa = PBXFrameworksBuildPhase;
			buildActionMask = 2147483647;
			files = (
			);
			runOnlyForDeploymentPostprocessing = 0;
		};
		F05104082E465CEE00BC0247 /* Frameworks */ = {
			isa = PBXFrameworksBuildPhase;
			buildActionMask = 2147483647;
			files = (
			);
			runOnlyForDeploymentPostprocessing = 0;
		};
/* End PBXFrameworksBuildPhase section */

/* Begin PBXGroup section */
		F03C14812E4ABE9900C0AC3F /* Recovered References */ = {
			isa = PBXGroup;
			children = (
				F0AADDFFDEADBEEF12345677 /* HealthKit.framework */,
				F0AADDFF1122334455667788 /* HealthKitManager.swift */,
			);
			name = "Recovered References";
			sourceTree = "<group>";
		};
		F05103E62E465CED00BC0247 = {
			isa = PBXGroup;
			children = (
				F05104202E465D1800BC0247 /* Views */,
				F051041F2E465D1300BC0247 /* Services */,
				F051041E2E465D0F00BC0247 /* Models */,
				F05103F12E465CED00BC0247 /* Strong-er */,
				F05104042E465CEE00BC0247 /* Strong-erTests */,
				F051040E2E465CEE00BC0247 /* Strong-erUITests */,
				F05103F02E465CED00BC0247 /* Products */,
				F03C14812E4ABE9900C0AC3F /* Recovered References */,
			);
			sourceTree = "<group>";
		};
		F05103F02E465CED00BC0247 /* Products */ = {
			isa = PBXGroup;
			children = (
				F05103EF2E465CED00BC0247 /* Strong-er.app */,
				F05104012E465CEE00BC0247 /* Strong-erTests.xctest */,
				F051040B2E465CEE00BC0247 /* Strong-erUITests.xctest */,
			);
			name = Products;
			sourceTree = "<group>";
		};
		F051041E2E465D0F00BC0247 /* Models */ = {
			isa = PBXGroup;
			children = (
				F05104EC2E480DC200BC0247 /* PersonalRecord.swift */,
				F05104E82E480DBC00BC0247 /* Achievement.swift */,
				F05104212E465D2D00BC0247 /* Exercise.swift */,
				F05104222E465D4A00BC0247 /* UserProfile.swift */,
				F05104232E465D4A00BC0247 /* Workout.swift */,
				F05104242E465D4A00BC0247 /* WorkoutExercise.swift */,
				F05104252E465D4A00BC0247 /* WorkoutSet.swift */,
			);
			path = Models;
			sourceTree = "<group>";
		};
		F051041F2E465D1300BC0247 /* Services */ = {
			isa = PBXGroup;
			children = (
				F03C14AD2E4ABEB900C0AC3F /* HapticButtonStyle.swift */,
				F03C14AE2E4ABEB900C0AC3F /* HapticFeedbackModifier.swift */,
				F03C14AF2E4ABEB900C0AC3F /* HealthKitManager.swift */,
				F03C14B02E4ABEB900C0AC3F /* WorkoutCompletionService.swift */,
				F03C14B12E4ABEB900C0AC3F /* WorkoutExporter.swift */,
				F03C14B22E4ABEB900C0AC3F /* WorkoutScience.swift */,
				F03C13C82E48E12800C0AC3F /* MotivationalMessageService.swift */,
				F05104F42E484D4D00BC0247 /* ChartManager.swift */,
				F05104E42E480DB600BC0247 /* AchievementService.swift */,
				F05104B52E46F0B500BC0247 /* WorkoutImporter.swift */,
				F05104352E465D6E00BC0247 /* AIWorkoutGenerator.swift */,
				F05104362E465D6E00BC0247 /* ExerciseDatabase.swift */,
				F05104372E465D6E00BC0247 /* WorkoutManager.swift */,
				F051047C2E4683D700BC0247 /* ThemeManager.swift */,
				F05104842E46938400BC0247 /* UserProfileService.swift */,
			);
			path = Services;
			sourceTree = "<group>";
		};
		F05104202E465D1800BC0247 /* Views */ = {
			isa = PBXGroup;
			children = (
				F03C14992E4ABEAE00C0AC3F /* GettingStartedView.swift */,
				F03C149A2E4ABEAE00C0AC3F /* PostWorkoutSummaryView.swift */,
				F03C149B2E4ABEAE00C0AC3F /* ThisWeekHistoryView.swift */,
				F03C149C2E4ABEAE00C0AC3F /* WorkoutDetailView.swift */,
				F03C149D2E4ABEAE00C0AC3F /* WorkoutStatisticsView.swift */,
				F03C13CC2E48E15400C0AC3F /* ActiveWorkoutView.swift */,
				F05104F82E4851A200BC0247 /* DetailedChartView.swift */,
				F05104F02E484D4100BC0247 /* ChartsView.swift */,
				F05104E02E480DAF00BC0247 /* AchievementsView.swift */,
				F05104B92E47A32F00BC0247 /* CalendarView.swift */,
				F05104652E46707300BC0247 /* ItemListView.swift */,
				F05104412E465D7B00BC0247 /* AddExerciseToWorkoutView.swift */,
				F05104422E465D7B00BC0247 /* AIWorkoutView.swift */,
				F05104432E465D7B00BC0247 /* CreateWorkoutView.swift */,
				F05104442E465D7B00BC0247 /* ExerciseLibraryView.swift */,
				F05104452E465D7B00BC0247 /* HomeView.swift */,
				F05104462E465D7B00BC0247 /* ProfileView.swift */,
				F05104472E465D7B00BC0247 /* TemplatesView.swift */,
				F05104482E465D7B00BC0247 /* WorkoutHistoryView.swift */,
				F05104492E465D7B00BC0247 /* WorkoutListView.swift */,
				F05104802E4683F500BC0247 /* SettingsView.swift */,
			);
			path = Views;
			sourceTree = "<group>";
		};
/* End PBXGroup section */

/* Begin PBXNativeTarget section */
		F05103EE2E465CED00BC0247 /* Strong-er */ = {
			isa = PBXNativeTarget;
			buildConfigurationList = F05104152E465CEE00BC0247 /* Build configuration list for PBXNativeTarget "Strong-er" */;
			buildPhases = (
				F05103EB2E465CED00BC0247 /* Sources */,
				F05103EC2E465CED00BC0247 /* Frameworks */,
				F05103ED2E465CED00BC0247 /* Resources */,
			);
			buildRules = (
			);
			dependencies = (
			);
			fileSystemSynchronizedGroups = (
				F05103F12E465CED00BC0247 /* Strong-er */,
			);
			name = "Strong-er";
			packageProductDependencies = (
			);
			productName = "Strong-er";
			productReference = F05103EF2E465CED00BC0247 /* Strong-er.app */;
			productType = "com.apple.product-type.application";
		};
		F05104002E465CEE00BC0247 /* Strong-erTests */ = {
			isa = PBXNativeTarget;
			buildConfigurationList = F05104182E465CEE00BC0247 /* Build configuration list for PBXNativeTarget "Strong-erTests" */;
			buildPhases = (
				F05103FD2E465CEE00BC0247 /* Sources */,
				F05103FE2E465CEE00BC0247 /* Frameworks */,
				F05103FF2E465CEE00BC0247 /* Resources */,
			);
			buildRules = (
			);
			dependencies = (
				F05104032E465CEE00BC0247 /* PBXTargetDependency */,
			);
			fileSystemSynchronizedGroups = (
				F05104042E465CEE00BC0247 /* Strong-erTests */,
			);
			name = "Strong-erTests";
			packageProductDependencies = (
			);
			productName = "Strong-erTests";
			productReference = F05104012E465CEE00BC0247 /* Strong-erTests.xctest */;
			productType = "com.apple.product-type.bundle.unit-test";
		};
		F051040A2E465CEE00BC0247 /* Strong-erUITests */ = {
			isa = PBXNativeTarget;
			buildConfigurationList = F051041B2E465CEE00BC0247 /* Build configuration list for PBXNativeTarget "Strong-erUITests" */;
			buildPhases = (
				F05104072E465CEE00BC0247 /* Sources */,
				F05104082E465CEE00BC0247 /* Frameworks */,
				F05104092E465CEE00BC0247 /* Resources */,
			);
			buildRules = (
			);
			dependencies = (
				F051040D2E465CEE00BC0247 /* PBXTargetDependency */,
			);
			fileSystemSynchronizedGroups = (
				F051040E2E465CEE00BC0247 /* Strong-erUITests */,
			);
			name = "Strong-erUITests";
			packageProductDependencies = (
			);
			productName = "Strong-erUITests";
			productReference = F051040B2E465CEE00BC0247 /* Strong-erUITests.xctest */;
			productType = "com.apple.product-type.bundle.ui-testing";
		};
/* End PBXNativeTarget section */

/* Begin PBXProject section */
		F05103E72E465CED00BC0247 /* Project object */ = {
			isa = PBXProject;
			attributes = {
				BuildIndependentTargetsInParallel = 1;
				LastSwiftUpdateCheck = 1640;
				LastUpgradeCheck = 1640;
				TargetAttributes = {
					F05103EE2E465CED00BC0247 = {
						CreatedOnToolsVersion = 16.4;
						SystemCapabilities = {
							com.apple.HealthKit = {
								enabled = 1;
							};
						};
					};
					F05104002E465CEE00BC0247 = {
						CreatedOnToolsVersion = 16.4;
						TestTargetID = F05103EE2E465CED00BC0247;
					};
					F051040A2E465CEE00BC0247 = {
						CreatedOnToolsVersion = 16.4;
						TestTargetID = F05103EE2E465CED00BC0247;
					};
				};
			};
			buildConfigurationList = F05103EA2E465CED00BC0247 /* Build configuration list for PBXProject "Strong-er" */;
			developmentRegion = en;
			hasScannedForEncodings = 0;
			knownRegions = (
				en,
				Base,
			);
			mainGroup = F05103E62E465CED00BC0247;
			minimizedProjectReferenceProxies = 1;
			preferredProjectObjectVersion = 77;
			productRefGroup = F05103F02E465CED00BC0247 /* Products */;
			projectDirPath = "";
			projectRoot = "";
			targets = (
				F05103EE2E465CED00BC0247 /* Strong-er */,
				F05104002E465CEE00BC0247 /* Strong-erTests */,
				F051040A2E465CEE00BC0247 /* Strong-erUITests */,
			);
		};
/* End PBXProject section */

/* Begin PBXResourcesBuildPhase section */
		F05103ED2E465CED00BC0247 /* Resources */ = {
			isa = PBXResourcesBuildPhase;
			buildActionMask = 2147483647;
			files = (
				F0AADDFF8877665544332211 /* HealthKitManager.swift in Resources */,
			);
			runOnlyForDeploymentPostprocessing = 0;
		};
		F05103FF2E465CEE00BC0247 /* Resources */ = {
			isa = PBXResourcesBuildPhase;
			buildActionMask = 2147483647;
			files = (
			);
			runOnlyForDeploymentPostprocessing = 0;
		};
		F05104092E465CEE00BC0247 /* Resources */ = {
			isa = PBXResourcesBuildPhase;
			buildActionMask = 2147483647;
			files = (
			);
			runOnlyForDeploymentPostprocessing = 0;
		};
/* End PBXResourcesBuildPhase section */

/* Begin PBXSourcesBuildPhase section */
		F05103EB2E465CED00BC0247 /* Sources */ = {
			isa = PBXSourcesBuildPhase;
			buildActionMask = 2147483647;
			files = (
				F051047D2E4683D700BC0247 /* ThemeManager.swift in Sources */,
				F03C14BF2E4ABEB900C0AC3F /* HapticFeedbackModifier.swift in Sources */,
				F03C14C02E4ABEB900C0AC3F /* WorkoutScience.swift in Sources */,
				F03C14C12E4ABEB900C0AC3F /* HapticButtonStyle.swift in Sources */,
				F03C14C22E4ABEB900C0AC3F /* WorkoutCompletionService.swift in Sources */,
				F03C14C32E4ABEB900C0AC3F /* WorkoutExporter.swift in Sources */,
				F03C14C42E4ABEB900C0AC3F /* HealthKitManager.swift in Sources */,
				F05104872E46938400BC0247 /* UserProfileService.swift in Sources */,
				F05104E32E480DAF00BC0247 /* AchievementsView.swift in Sources */,
				F051042E2E465D4A00BC0247 /* WorkoutSet.swift in Sources */,
				F051042F2E465D4A00BC0247 /* UserProfile.swift in Sources */,
				F05104302E465D4A00BC0247 /* WorkoutExercise.swift in Sources */,
				F05104312E465D4A00BC0247 /* Workout.swift in Sources */,
				F05104382E465D6E00BC0247 /* ExerciseDatabase.swift in Sources */,
				F03C13C92E48E12800C0AC3F /* MotivationalMessageService.swift in Sources */,
				F05104662E46707300BC0247 /* ItemListView.swift in Sources */,
				F05104E62E480DB600BC0247 /* AchievementService.swift in Sources */,
				F05104392E465D6E00BC0247 /* AIWorkoutGenerator.swift in Sources */,
				F05104532E465D7B00BC0247 /* WorkoutHistoryView.swift in Sources */,
				F05104822E4683F500BC0247 /* SettingsView.swift in Sources */,
				F05104F62E484D4D00BC0247 /* ChartManager.swift in Sources */,
				F05104EF2E480DC200BC0247 /* PersonalRecord.swift in Sources */,
				F05104FA2E4851A200BC0247 /* DetailedChartView.swift in Sources */,
				F05104E92E480DBC00BC0247 /* Achievement.swift in Sources */,
				F03C14A82E4ABEAE00C0AC3F /* PostWorkoutSummaryView.swift in Sources */,
				F03C14A92E4ABEAE00C0AC3F /* WorkoutDetailView.swift in Sources */,
				F03C14AA2E4ABEAE00C0AC3F /* ThisWeekHistoryView.swift in Sources */,
				F03C14AB2E4ABEAE00C0AC3F /* WorkoutStatisticsView.swift in Sources */,
				F03C14AC2E4ABEAE00C0AC3F /* GettingStartedView.swift in Sources */,
				F05104542E465D7B00BC0247 /* WorkoutListView.swift in Sources */,
				F05104552E465D7B00BC0247 /* ProfileView.swift in Sources */,
				F05104562E465D7B00BC0247 /* AIWorkoutView.swift in Sources */,
				F05104572E465D7B00BC0247 /* CreateWorkoutView.swift in Sources */,
				F05104B72E46F0B500BC0247 /* WorkoutImporter.swift in Sources */,
				F05104582E465D7B00BC0247 /* TemplatesView.swift in Sources */,
				F05104BC2E47A32F00BC0247 /* CalendarView.swift in Sources */,
				F03C13CF2E48E15400C0AC3F /* ActiveWorkoutView.swift in Sources */,
				F05104592E465D7B00BC0247 /* ExerciseLibraryView.swift in Sources */,
				F051045A2E465D7B00BC0247 /* AddExerciseToWorkoutView.swift in Sources */,
				F051045B2E465D7B00BC0247 /* HomeView.swift in Sources */,
				F051043A2E465D6E00BC0247 /* WorkoutManager.swift in Sources */,
				F05104322E465D5C00BC0247 /* Exercise.swift in Sources */,
				F05104F22E484D4100BC0247 /* ChartsView.swift in Sources */,
			);
			runOnlyForDeploymentPostprocessing = 0;
		};
		F05103FD2E465CEE00BC0247 /* Sources */ = {
			isa = PBXSourcesBuildPhase;
			buildActionMask = 2147483647;
			files = (
				F05104832E4683F500BC0247 /* SettingsView.swift in Sources */,
				F051043B2E465D6E00BC0247 /* ExerciseDatabase.swift in Sources */,
				F05104F52E484D4D00BC0247 /* ChartManager.swift in Sources */,
				F05104BA2E47A32F00BC0247 /* CalendarView.swift in Sources */,
				F051043C2E465D6E00BC0247 /* AIWorkoutGenerator.swift in Sources */,
				F051043D2E465D6E00BC0247 /* WorkoutManager.swift in Sources */,
				F05104EE2E480DC200BC0247 /* PersonalRecord.swift in Sources */,
				F05104262E465D4A00BC0247 /* WorkoutSet.swift in Sources */,
				F03C13CE2E48E15400C0AC3F /* ActiveWorkoutView.swift in Sources */,
				F05104272E465D4A00BC0247 /* UserProfile.swift in Sources */,
				F05104F12E484D4100BC0247 /* ChartsView.swift in Sources */,
				F05104EA2E480DBC00BC0247 /* Achievement.swift in Sources */,
				F05104F92E4851A200BC0247 /* DetailedChartView.swift in Sources */,
				F05104672E46707300BC0247 /* ItemListView.swift in Sources */,
				F05104E52E480DB600BC0247 /* AchievementService.swift in Sources */,
				F051044A2E465D7B00BC0247 /* WorkoutHistoryView.swift in Sources */,
				F051047F2E4683D700BC0247 /* ThemeManager.swift in Sources */,
				F03C13CB2E48E12800C0AC3F /* MotivationalMessageService.swift in Sources */,
				F05104B62E46F0B500BC0247 /* WorkoutImporter.swift in Sources */,
				F03C14B92E4ABEB900C0AC3F /* HapticFeedbackModifier.swift in Sources */,
				F03C14BA2E4ABEB900C0AC3F /* WorkoutScience.swift in Sources */,
				F03C14BB2E4ABEB900C0AC3F /* HapticButtonStyle.swift in Sources */,
				F03C14BC2E4ABEB900C0AC3F /* WorkoutCompletionService.swift in Sources */,
				F03C14BD2E4ABEB900C0AC3F /* WorkoutExporter.swift in Sources */,
				F03C14BE2E4ABEB900C0AC3F /* HealthKitManager.swift in Sources */,
				F051044B2E465D7B00BC0247 /* WorkoutListView.swift in Sources */,
				F05104852E46938400BC0247 /* UserProfileService.swift in Sources */,
				F051044C2E465D7B00BC0247 /* ProfileView.swift in Sources */,
				F051044D2E465D7B00BC0247 /* AIWorkoutView.swift in Sources */,
				F051044E2E465D7B00BC0247 /* CreateWorkoutView.swift in Sources */,
				F05104E22E480DAF00BC0247 /* AchievementsView.swift in Sources */,
				F051044F2E465D7B00BC0247 /* TemplatesView.swift in Sources */,
				F05104502E465D7B00BC0247 /* ExerciseLibraryView.swift in Sources */,
				F03C14A32E4ABEAE00C0AC3F /* PostWorkoutSummaryView.swift in Sources */,
				F03C14A42E4ABEAE00C0AC3F /* WorkoutDetailView.swift in Sources */,
				F03C14A52E4ABEAE00C0AC3F /* ThisWeekHistoryView.swift in Sources */,
				F03C14A62E4ABEAE00C0AC3F /* WorkoutStatisticsView.swift in Sources */,
				F03C14A72E4ABEAE00C0AC3F /* GettingStartedView.swift in Sources */,
				F05104512E465D7B00BC0247 /* AddExerciseToWorkoutView.swift in Sources */,
				F05104522E465D7B00BC0247 /* HomeView.swift in Sources */,
				F05104282E465D4A00BC0247 /* WorkoutExercise.swift in Sources */,
				F05104292E465D4A00BC0247 /* Workout.swift in Sources */,
				F05104332E465D5C00BC0247 /* Exercise.swift in Sources */,
			);
			runOnlyForDeploymentPostprocessing = 0;
		};
		F05104072E465CEE00BC0247 /* Sources */ = {
			isa = PBXSourcesBuildPhase;
			buildActionMask = 2147483647;
			files = (
				F051042A2E465D4A00BC0247 /* WorkoutSet.swift in Sources */,
				F051042B2E465D4A00BC0247 /* UserProfile.swift in Sources */,
				F051043E2E465D6E00BC0247 /* ExerciseDatabase.swift in Sources */,
				F051043F2E465D6E00BC0247 /* AIWorkoutGenerator.swift in Sources */,
				F05104402E465D6E00BC0247 /* WorkoutManager.swift in Sources */,
				F05104BB2E47A32F00BC0247 /* CalendarView.swift in Sources */,
				F05104F72E484D4D00BC0247 /* ChartManager.swift in Sources */,
				F05104B82E46F0B500BC0247 /* WorkoutImporter.swift in Sources */,
				F051042C2E465D4A00BC0247 /* WorkoutExercise.swift in Sources */,
				F051042D2E465D4A00BC0247 /* Workout.swift in Sources */,
				F05104EB2E480DBC00BC0247 /* Achievement.swift in Sources */,
				F051045C2E465D7B00BC0247 /* WorkoutHistoryView.swift in Sources */,
				F051045D2E465D7B00BC0247 /* WorkoutListView.swift in Sources */,
				F051045E2E465D7B00BC0247 /* ProfileView.swift in Sources */,
				F051045F2E465D7B00BC0247 /* AIWorkoutView.swift in Sources */,
				F05104602E465D7B00BC0247 /* CreateWorkoutView.swift in Sources */,
				F05104612E465D7B00BC0247 /* TemplatesView.swift in Sources */,
				F03C13CA2E48E12800C0AC3F /* MotivationalMessageService.swift in Sources */,
				F05104622E465D7B00BC0247 /* ExerciseLibraryView.swift in Sources */,
				F05104F32E484D4100BC0247 /* ChartsView.swift in Sources */,
				F05104682E46707300BC0247 /* ItemListView.swift in Sources */,
				F03C149E2E4ABEAE00C0AC3F /* PostWorkoutSummaryView.swift in Sources */,
				F03C149F2E4ABEAE00C0AC3F /* WorkoutDetailView.swift in Sources */,
				F03C14A02E4ABEAE00C0AC3F /* ThisWeekHistoryView.swift in Sources */,
				F03C14A12E4ABEAE00C0AC3F /* WorkoutStatisticsView.swift in Sources */,
				F03C14A22E4ABEAE00C0AC3F /* GettingStartedView.swift in Sources */,
				F05104632E465D7B00BC0247 /* AddExerciseToWorkoutView.swift in Sources */,
				F03C14B32E4ABEB900C0AC3F /* HapticFeedbackModifier.swift in Sources */,
				F03C14B42E4ABEB900C0AC3F /* WorkoutScience.swift in Sources */,
				F03C14B52E4ABEB900C0AC3F /* HapticButtonStyle.swift in Sources */,
				F03C14B62E4ABEB900C0AC3F /* WorkoutCompletionService.swift in Sources */,
				F03C14B72E4ABEB900C0AC3F /* WorkoutExporter.swift in Sources */,
				F03C14B82E4ABEB900C0AC3F /* HealthKitManager.swift in Sources */,
				F05104642E465D7B00BC0247 /* HomeView.swift in Sources */,
				F05104862E46938400BC0247 /* UserProfileService.swift in Sources */,
				F05104342E465D5C00BC0247 /* Exercise.swift in Sources */,
				F05104E72E480DB600BC0247 /* AchievementService.swift in Sources */,
				F05104ED2E480DC200BC0247 /* PersonalRecord.swift in Sources */,
				F051047E2E4683D700BC0247 /* ThemeManager.swift in Sources */,
				F05104FB2E4851A200BC0247 /* DetailedChartView.swift in Sources */,
				F05104E12E480DAF00BC0247 /* AchievementsView.swift in Sources */,
				F03C13CD2E48E15400C0AC3F /* ActiveWorkoutView.swift in Sources */,
				F05104812E4683F500BC0247 /* SettingsView.swift in Sources */,
			);
			runOnlyForDeploymentPostprocessing = 0;
		};
/* End PBXSourcesBuildPhase section */

/* Begin PBXTargetDependency section */
		F05104032E465CEE00BC0247 /* PBXTargetDependency */ = {
			isa = PBXTargetDependency;
			target = F05103EE2E465CED00BC0247 /* Strong-er */;
			targetProxy = F05104022E465CEE00BC0247 /* PBXContainerItemProxy */;
		};
		F051040D2E465CEE00BC0247 /* PBXTargetDependency */ = {
			isa = PBXTargetDependency;
			target = F05103EE2E465CED00BC0247 /* Strong-er */;
			targetProxy = F051040C2E465CEE00BC0247 /* PBXContainerItemProxy */;
		};
/* End PBXTargetDependency section */

/* Begin XCBuildConfiguration section */
		F05104132E465CEE00BC0247 /* Debug */ = {
			isa = XCBuildConfiguration;
			buildSettings = {
				ALWAYS_SEARCH_USER_PATHS = NO;
				ASSETCATALOG_COMPILER_GENERATE_SWIFT_ASSET_SYMBOL_EXTENSIONS = YES;
				CLANG_ANALYZER_NONNULL = YES;
				CLANG_ANALYZER_NUMBER_OBJECT_CONVERSION = YES_AGGRESSIVE;
				CLANG_CXX_LANGUAGE_STANDARD = "gnu++20";
				CLANG_ENABLE_MODULES = YES;
				CLANG_ENABLE_OBJC_ARC = YES;
				CLANG_ENABLE_OBJC_WEAK = YES;
				CLANG_WARN_BLOCK_CAPTURE_AUTORELEASING = YES;
				CLANG_WARN_BOOL_CONVERSION = YES;
				CLANG_WARN_COMMA = YES;
				CLANG_WARN_CONSTANT_CONVERSION = YES;
				CLANG_WARN_DEPRECATED_OBJC_IMPLEMENTATIONS = YES;
				CLANG_WARN_DIRECT_OBJC_ISA_USAGE = YES_ERROR;
				CLANG_WARN_DOCUMENTATION_COMMENTS = YES;
				CLANG_WARN_EMPTY_BODY = YES;
				CLANG_WARN_ENUM_CONVERSION = YES;
				CLANG_WARN_INFINITE_RECURSION = YES;
				CLANG_WARN_INT_CONVERSION = YES;
				CLANG_WARN_NON_LITERAL_NULL_CONVERSION = YES;
				CLANG_WARN_OBJC_IMPLICIT_RETAIN_SELF = YES;
				CLANG_WARN_OBJC_LITERAL_CONVERSION = YES;
				CLANG_WARN_OBJC_ROOT_CLASS = YES_ERROR;
				CLANG_WARN_QUOTED_INCLUDE_IN_FRAMEWORK_HEADER = YES;
				CLANG_WARN_RANGE_LOOP_ANALYSIS = YES;
				CLANG_WARN_STRICT_PROTOTYPES = YES;
				CLANG_WARN_SUSPICIOUS_MOVE = YES;
				CLANG_WARN_UNGUARDED_AVAILABILITY = YES_AGGRESSIVE;
				CLANG_WARN_UNREACHABLE_CODE = YES;
				CLANG_WARN__DUPLICATE_METHOD_MATCH = YES;
				COPY_PHASE_STRIP = NO;
				DEBUG_INFORMATION_FORMAT = dwarf;
				DEVELOPMENT_TEAM = 4KVKHCP928;
				ENABLE_STRICT_OBJC_MSGSEND = YES;
				ENABLE_TESTABILITY = YES;
				ENABLE_USER_SCRIPT_SANDBOXING = YES;
				GCC_C_LANGUAGE_STANDARD = gnu17;
				GCC_DYNAMIC_NO_PIC = NO;
				GCC_NO_COMMON_BLOCKS = YES;
				GCC_OPTIMIZATION_LEVEL = 0;
				GCC_PREPROCESSOR_DEFINITIONS = (
					"DEBUG=1",
					"$(inherited)",
				);
				GCC_WARN_64_TO_32_BIT_CONVERSION = YES;
				GCC_WARN_ABOUT_RETURN_TYPE = YES_ERROR;
				GCC_WARN_UNDECLARED_SELECTOR = YES;
				GCC_WARN_UNINITIALIZED_AUTOS = YES_AGGRESSIVE;
				GCC_WARN_UNUSED_FUNCTION = YES;
				GCC_WARN_UNUSED_VARIABLE = YES;
				IPHONEOS_DEPLOYMENT_TARGET = 18.5;
				LOCALIZATION_PREFERS_STRING_CATALOGS = YES;
				MTL_ENABLE_DEBUG_INFO = INCLUDE_SOURCE;
				MTL_FAST_MATH = YES;
				ONLY_ACTIVE_ARCH = YES;
				SDKROOT = iphoneos;
				SWIFT_ACTIVE_COMPILATION_CONDITIONS = "DEBUG $(inherited)";
				SWIFT_OPTIMIZATION_LEVEL = "-Onone";
			};
			name = Debug;
		};
		F05104142E465CEE00BC0247 /* Release */ = {
			isa = XCBuildConfiguration;
			buildSettings = {
				ALWAYS_SEARCH_USER_PATHS = NO;
				ASSETCATALOG_COMPILER_GENERATE_SWIFT_ASSET_SYMBOL_EXTENSIONS = YES;
				CLANG_ANALYZER_NONNULL = YES;
				CLANG_ANALYZER_NUMBER_OBJECT_CONVERSION = YES_AGGRESSIVE;
				CLANG_CXX_LANGUAGE_STANDARD = "gnu++20";
				CLANG_ENABLE_MODULES = YES;
				CLANG_ENABLE_OBJC_ARC = YES;
				CLANG_ENABLE_OBJC_WEAK = YES;
				CLANG_WARN_BLOCK_CAPTURE_AUTORELEASING = YES;
				CLANG_WARN_BOOL_CONVERSION = YES;
				CLANG_WARN_COMMA = YES;
				CLANG_WARN_CONSTANT_CONVERSION = YES;
				CLANG_WARN_DEPRECATED_OBJC_IMPLEMENTATIONS = YES;
				CLANG_WARN_DIRECT_OBJC_ISA_USAGE = YES_ERROR;
				CLANG_WARN_DOCUMENTATION_COMMENTS = YES;
				CLANG_WARN_EMPTY_BODY = YES;
				CLANG_WARN_ENUM_CONVERSION = YES;
				CLANG_WARN_INFINITE_RECURSION = YES;
				CLANG_WARN_INT_CONVERSION = YES;
				CLANG_WARN_NON_LITERAL_NULL_CONVERSION = YES;
				CLANG_WARN_OBJC_IMPLICIT_RETAIN_SELF = YES;
				CLANG_WARN_OBJC_LITERAL_CONVERSION = YES;
				CLANG_WARN_OBJC_ROOT_CLASS = YES_ERROR;
				CLANG_WARN_QUOTED_INCLUDE_IN_FRAMEWORK_HEADER = YES;
				CLANG_WARN_RANGE_LOOP_ANALYSIS = YES;
				CLANG_WARN_STRICT_PROTOTYPES = YES;
				CLANG_WARN_SUSPICIOUS_MOVE = YES;
				CLANG_WARN_UNGUARDED_AVAILABILITY = YES_AGGRESSIVE;
				CLANG_WARN_UNREACHABLE_CODE = YES;
				CLANG_WARN__DUPLICATE_METHOD_MATCH = YES;
				COPY_PHASE_STRIP = NO;
				DEBUG_INFORMATION_FORMAT = "dwarf-with-dsym";
				DEVELOPMENT_TEAM = 4KVKHCP928;
				ENABLE_NS_ASSERTIONS = NO;
				ENABLE_STRICT_OBJC_MSGSEND = YES;
				ENABLE_USER_SCRIPT_SANDBOXING = YES;
				GCC_C_LANGUAGE_STANDARD = gnu17;
				GCC_NO_COMMON_BLOCKS = YES;
				GCC_WARN_64_TO_32_BIT_CONVERSION = YES;
				GCC_WARN_ABOUT_RETURN_TYPE = YES_ERROR;
				GCC_WARN_UNDECLARED_SELECTOR = YES;
				GCC_WARN_UNINITIALIZED_AUTOS = YES_AGGRESSIVE;
				GCC_WARN_UNUSED_FUNCTION = YES;
				GCC_WARN_UNUSED_VARIABLE = YES;
				IPHONEOS_DEPLOYMENT_TARGET = 18.5;
				LOCALIZATION_PREFERS_STRING_CATALOGS = YES;
				MTL_ENABLE_DEBUG_INFO = NO;
				MTL_FAST_MATH = YES;
				SDKROOT = iphoneos;
				SWIFT_COMPILATION_MODE = wholemodule;
				VALIDATE_PRODUCT = YES;
			};
			name = Release;
		};
		F05104162E465CEE00BC0247 /* Debug */ = {
			isa = XCBuildConfiguration;
			buildSettings = {
				ASSETCATALOG_COMPILER_APPICON_NAME = AppIcon;
				ASSETCATALOG_COMPILER_GLOBAL_ACCENT_COLOR_NAME = AccentColor;
				CODE_SIGN_STYLE = Automatic;
				CURRENT_PROJECT_VERSION = 1;
				DEVELOPMENT_TEAM = 4KVKHCP928;
				ENABLE_PREVIEWS = YES;
				GENERATE_INFOPLIST_FILE = YES;
				INFOPLIST_KEY_UIApplicationSceneManifest_Generation = YES;
				INFOPLIST_KEY_UIApplicationSupportsIndirectInputEvents = YES;
				INFOPLIST_KEY_UILaunchScreen_Generation = YES;
				INFOPLIST_KEY_UISupportedInterfaceOrientations_iPad = "UIInterfaceOrientationPortrait UIInterfaceOrientationPortraitUpsideDown UIInterfaceOrientationLandscapeLeft UIInterfaceOrientationLandscapeRight";
				INFOPLIST_KEY_UISupportedInterfaceOrientations_iPhone = "UIInterfaceOrientationPortrait UIInterfaceOrientationLandscapeLeft UIInterfaceOrientationLandscapeRight";
				LD_RUNPATH_SEARCH_PATHS = (
					"$(inherited)",
					"@executable_path/Frameworks",
				);
				MARKETING_VERSION = 1.0;
				PRODUCT_BUNDLE_IDENTIFIER = "com.chad.Strong-er";
				PRODUCT_NAME = "$(TARGET_NAME)";
				SWIFT_EMIT_LOC_STRINGS = YES;
				SWIFT_VERSION = 5.0;
				TARGETED_DEVICE_FAMILY = "1,2";
			};
			name = Debug;
		};
		F05104172E465CEE00BC0247 /* Release */ = {
			isa = XCBuildConfiguration;
			buildSettings = {
				ASSETCATALOG_COMPILER_APPICON_NAME = AppIcon;
				ASSETCATALOG_COMPILER_GLOBAL_ACCENT_COLOR_NAME = AccentColor;
				CODE_SIGN_STYLE = Automatic;
				CURRENT_PROJECT_VERSION = 1;
				DEVELOPMENT_TEAM = 4KVKHCP928;
				ENABLE_PREVIEWS = YES;
				GENERATE_INFOPLIST_FILE = YES;
				INFOPLIST_KEY_UIApplicationSceneManifest_Generation = YES;
				INFOPLIST_KEY_UIApplicationSupportsIndirectInputEvents = YES;
				INFOPLIST_KEY_UILaunchScreen_Generation = YES;
				INFOPLIST_KEY_UISupportedInterfaceOrientations_iPad = "UIInterfaceOrientationPortrait UIInterfaceOrientationPortraitUpsideDown UIInterfaceOrientationLandscapeLeft UIInterfaceOrientationLandscapeRight";
				INFOPLIST_KEY_UISupportedInterfaceOrientations_iPhone = "UIInterfaceOrientationPortrait UIInterfaceOrientationLandscapeLeft UIInterfaceOrientationLandscapeRight";
				LD_RUNPATH_SEARCH_PATHS = (
					"$(inherited)",
					"@executable_path/Frameworks",
				);
				MARKETING_VERSION = 1.0;
				PRODUCT_BUNDLE_IDENTIFIER = "com.chad.Strong-er";
				PRODUCT_NAME = "$(TARGET_NAME)";
				SWIFT_EMIT_LOC_STRINGS = YES;
				SWIFT_VERSION = 5.0;
				TARGETED_DEVICE_FAMILY = "1,2";
			};
			name = Release;
		};
		F05104192E465CEE00BC0247 /* Debug */ = {
			isa = XCBuildConfiguration;
			buildSettings = {
				BUNDLE_LOADER = "$(TEST_HOST)";
				CODE_SIGN_STYLE = Automatic;
				CURRENT_PROJECT_VERSION = 1;
				DEVELOPMENT_TEAM = 4KVKHCP928;
				GENERATE_INFOPLIST_FILE = YES;
				IPHONEOS_DEPLOYMENT_TARGET = 18.5;
				MARKETING_VERSION = 1.0;
				PRODUCT_BUNDLE_IDENTIFIER = "com.chad.Strong-erTests";
				PRODUCT_NAME = "$(TARGET_NAME)";
				SWIFT_EMIT_LOC_STRINGS = NO;
				SWIFT_VERSION = 5.0;
				TARGETED_DEVICE_FAMILY = "1,2";
				TEST_HOST = "$(BUILT_PRODUCTS_DIR)/Strong-er.app/$(BUNDLE_EXECUTABLE_FOLDER_PATH)/Strong-er";
			};
			name = Debug;
		};
		F051041A2E465CEE00BC0247 /* Release */ = {
			isa = XCBuildConfiguration;
			buildSettings = {
				BUNDLE_LOADER = "$(TEST_HOST)";
				CODE_SIGN_STYLE = Automatic;
				CURRENT_PROJECT_VERSION = 1;
				DEVELOPMENT_TEAM = 4KVKHCP928;
				GENERATE_INFOPLIST_FILE = YES;
				IPHONEOS_DEPLOYMENT_TARGET = 18.5;
				MARKETING_VERSION = 1.0;
				PRODUCT_BUNDLE_IDENTIFIER = "com.chad.Strong-erTests";
				PRODUCT_NAME = "$(TARGET_NAME)";
				SWIFT_EMIT_LOC_STRINGS = NO;
				SWIFT_VERSION = 5.0;
				TARGETED_DEVICE_FAMILY = "1,2";
				TEST_HOST = "$(BUILT_PRODUCTS_DIR)/Strong-er.app/$(BUNDLE_EXECUTABLE_FOLDER_PATH)/Strong-er";
			};
			name = Release;
		};
		F051041C2E465CEE00BC0247 /* Debug */ = {
			isa = XCBuildConfiguration;
			buildSettings = {
				CODE_SIGN_STYLE = Automatic;
				CURRENT_PROJECT_VERSION = 1;
				DEVELOPMENT_TEAM = 4KVKHCP928;
				GENERATE_INFOPLIST_FILE = YES;
				MARKETING_VERSION = 1.0;
				PRODUCT_BUNDLE_IDENTIFIER = "com.chad.Strong-erUITests";
				PRODUCT_NAME = "$(TARGET_NAME)";
				SWIFT_EMIT_LOC_STRINGS = NO;
				SWIFT_VERSION = 5.0;
				TARGETED_DEVICE_FAMILY = "1,2";
				TEST_TARGET_NAME = "Strong-er";
			};
			name = Debug;
		};
		F051041D2E465CEE00BC0247 /* Release */ = {
			isa = XCBuildConfiguration;
			buildSettings = {
				CODE_SIGN_STYLE = Automatic;
				CURRENT_PROJECT_VERSION = 1;
				DEVELOPMENT_TEAM = 4KVKHCP928;
				GENERATE_INFOPLIST_FILE = YES;
				MARKETING_VERSION = 1.0;
				PRODUCT_BUNDLE_IDENTIFIER = "com.chad.Strong-erUITests";
				PRODUCT_NAME = "$(TARGET_NAME)";
				SWIFT_EMIT_LOC_STRINGS = NO;
				SWIFT_VERSION = 5.0;
				TARGETED_DEVICE_FAMILY = "1,2";
				TEST_TARGET_NAME = "Strong-er";
			};
			name = Release;
		};
/* End XCBuildConfiguration section */

/* Begin XCConfigurationList section */
		F05103EA2E465CED00BC0247 /* Build configuration list for PBXProject "Strong-er" */ = {
			isa = XCConfigurationList;
			buildConfigurations = (
				F05104132E465CEE00BC0247 /* Debug */,
				F05104142E465CEE00BC0247 /* Release */,
			);
			defaultConfigurationIsVisible = 0;
			defaultConfigurationName = Release;
		};
		F05104152E465CEE00BC0247 /* Build configuration list for PBXNativeTarget "Strong-er" */ = {
			isa = XCConfigurationList;
			buildConfigurations = (
				F05104162E465CEE00BC0247 /* Debug */,
				F05104172E465CEE00BC0247 /* Release */,
			);
			defaultConfigurationIsVisible = 0;
			defaultConfigurationName = Release;
		};
		F05104182E465CEE00BC0247 /* Build configuration list for PBXNativeTarget "Strong-erTests" */ = {
			isa = XCConfigurationList;
			buildConfigurations = (
				F05104192E465CEE00BC0247 /* Debug */,
				F051041A2E465CEE00BC0247 /* Release */,
			);
			defaultConfigurationIsVisible = 0;
			defaultConfigurationName = Release;
		};
		F051041B2E465CEE00BC0247 /* Build configuration list for PBXNativeTarget "Strong-erUITests" */ = {
			isa = XCConfigurationList;
			buildConfigurations = (
				F051041C2E465CEE00BC0247 /* Debug */,
				F051041D2E465CEE00BC0247 /* Release */,
			);
			defaultConfigurationIsVisible = 0;
			defaultConfigurationName = Release;
		};
/* End XCConfigurationList section */
	};
	rootObject = F05103E72E465CED00BC0247 /* Project object */;
}
